<?xml version="1.0" encoding="utf-8"?>
<Project ToolsVersion="4.0" xmlns="http://schemas.microsoft.com/developer/msbuild/2003">
  <ItemGroup>
    <Filter Include="Source Files">
      <UniqueIdentifier>{4FC737F1-C7A5-4376-A066-2A32D752A2FF}</UniqueIdentifier>
      <Extensions>cpp;c;cc;cxx;def;odl;idl;hpj;bat;asm;asmx</Extensions>
    </Filter>
    <Filter Include="Header Files">
      <UniqueIdentifier>{93995380-89BD-4b04-88EB-625FBE52EBFB}</UniqueIdentifier>
      <Extensions>h;hh;hpp;hxx;hm;inl;inc;xsd</Extensions>
    </Filter>
    <Filter Include="Resource Files">
      <UniqueIdentifier>{67DA6AB6-F800-4c08-8B7A-83BB121AAD01}</UniqueIdentifier>
      <Extensions>rc;ico;cur;bmp;dlg;rc2;rct;bin;rgs;gif;jpg;jpeg;jpe;resx;tiff;tif;png;wav;mfcribbon-ms</Extensions>
    </Filter>
    <Filter Include="Source Files\src">
      <UniqueIdentifier>{e7758495-c432-49bf-80d8-881091201c94}</UniqueIdentifier>
    </Filter>
    <Filter Include="Source Files\src\window">
      <UniqueIdentifier>{58c1e24a-e16c-4b41-9e4b-f73056cfb703}</UniqueIdentifier>
    </Filter>
    <Filter Include="Source Files\src\camera">
      <UniqueIdentifier>{b4b15e33-3a36-4614-baf5-edb1f619d3b4}</UniqueIdentifier>
    </Filter>
    <Filter Include="Source Files\src\load">
      <UniqueIdentifier>{30431daf-ba5d-4c96-9c66-fe8d48e137bb}</UniqueIdentifier>
    </Filter>
    <Filter Include="Source Files\src\material">
      <UniqueIdentifier>{485a782c-a0ab-4a68-ab78-c9e8d2c70631}</UniqueIdentifier>
    </Filter>
    <Filter Include="Source Files\src\scenes">
      <UniqueIdentifier>{d4d284e7-2e77-4239-9901-7e784a6b6b00}</UniqueIdentifier>
    </Filter>
    <Filter Include="Source Files\src\gameobjects">
      <UniqueIdentifier>{574b41f3-e400-4e76-b926-21dbaa085055}</UniqueIdentifier>
    </Filter>
  </ItemGroup>
  <ItemGroup>
    <ClCompile Include="main.cpp">
      <Filter>Source Files</Filter>
    </ClCompile>
    <ClCompile Include="Mesh.cpp">
      <Filter>Source Files</Filter>
    </ClCompile>
    <ClCompile Include="Utility.cpp">
      <Filter>Source Files</Filter>
    </ClCompile>
    <ClCompile Include="MeshBuilder.cpp">
      <Filter>Source Files</Filter>
    </ClCompile>
    <ClCompile Include="Application.cpp">
      <Filter>Source Files\src\window</Filter>
    </ClCompile>
    <ClCompile Include="Camera.cpp">
      <Filter>Source Files\src\camera</Filter>
    </ClCompile>
    <ClCompile Include="Camera2.cpp">
      <Filter>Source Files\src\camera</Filter>
    </ClCompile>
    <ClCompile Include="LoadOBJ.cpp">
      <Filter>Source Files\src\load</Filter>
    </ClCompile>
    <ClCompile Include="LoadTGA.cpp">
      <Filter>Source Files\src\load</Filter>
    </ClCompile>
    <ClCompile Include="shader.cpp">
      <Filter>Source Files\src\material</Filter>
    </ClCompile>
    <ClCompile Include="GameScene.cpp">
      <Filter>Source Files\src\scenes</Filter>
    </ClCompile>
    <ClCompile Include="Water.cpp">
      <Filter>Source Files</Filter>
    </ClCompile>
    <ClCompile Include="GameSound.cpp">
      <Filter>Source Files</Filter>
    </ClCompile>
    <ClCompile Include="Camera3.cpp">
      <Filter>Source Files\src\camera</Filter>
    </ClCompile>
    <ClCompile Include="MainMenuScene.cpp">
      <Filter>Source Files\src\scenes</Filter>
    </ClCompile>
    <ClCompile Include="GameObjectFactory.cpp">
      <Filter>Source Files</Filter>
    </ClCompile>
    <ClCompile Include="Consumable.cpp">
      <Filter>Source Files</Filter>
    </ClCompile>
    <ClCompile Include="PartConsumable.cpp">
      <Filter>Source Files\src\gameobjects</Filter>
    </ClCompile>
    <ClCompile Include="SpeedConsumable.cpp">
      <Filter>Source Files\src\gameobjects</Filter>
    </ClCompile>
    <ClCompile Include="HealthConsumable.cpp">
      <Filter>Source Files\src\gameobjects</Filter>
    </ClCompile>
    <ClCompile Include="GameObject.cpp">
      <Filter>Source Files\src\gameobjects</Filter>
    </ClCompile>
    <ClCompile Include="IslandEnvironment.cpp">
      <Filter>Source Files\src\gameobjects</Filter>
    </ClCompile>
    <ClCompile Include="CShipStats.cpp">
      <Filter>Source Files\src\gameobjects</Filter>
    </ClCompile>
    <ClCompile Include="BuildScene.cpp">
      <Filter>Source Files\src</Filter>
    </ClCompile>
    <ClCompile Include="ReadMesh.cpp">
      <Filter>Source Files</Filter>
    </ClCompile>
    <ClCompile Include="Collision.cpp">
      <Filter>Source Files</Filter>
    </ClCompile>
    <ClCompile Include="Transform.cpp">
      <Filter>Source Files</Filter>
    </ClCompile>
    <ClCompile Include="cannonball.cpp">
      <Filter>Source Files\src\gameobjects</Filter>
    </ClCompile>
    <ClCompile Include="CamMenu.cpp">
      <Filter>Source Files\src\camera</Filter>
    </ClCompile>
    <ClCompile Include="Physic.cpp">
      <Filter>Source Files</Filter>
    </ClCompile>
    <ClCompile Include="UIObject.cpp">
      <Filter>Source Files</Filter>
    </ClCompile>
    <ClCompile Include="MenuFunctionality.cpp">
      <Filter>Source Files</Filter>
    </ClCompile>
    <ClCompile Include="Scene.cpp">
      <Filter>Source Files</Filter>
    </ClCompile>
  </ItemGroup>
  <ItemGroup>
    <ClInclude Include="Vertex.h">
      <Filter>Source Files</Filter>
    </ClInclude>
    <ClInclude Include="Mesh.h">
      <Filter>Source Files</Filter>
    </ClInclude>
    <ClInclude Include="Utility.h">
      <Filter>Source Files</Filter>
    </ClInclude>
    <ClInclude Include="MeshBuilder.h">
      <Filter>Source Files</Filter>
    </ClInclude>
    <ClInclude Include="Application.h">
      <Filter>Source Files\src\window</Filter>
    </ClInclude>
    <ClInclude Include="Camera2.h">
      <Filter>Source Files\src\camera</Filter>
    </ClInclude>
    <ClInclude Include="Camera.h">
      <Filter>Source Files\src\camera</Filter>
    </ClInclude>
    <ClInclude Include="LoadTGA.h">
      <Filter>Source Files\src\load</Filter>
    </ClInclude>
    <ClInclude Include="LoadOBJ.h">
      <Filter>Source Files\src\load</Filter>
    </ClInclude>
    <ClInclude Include="Material.h">
      <Filter>Source Files\src\material</Filter>
    </ClInclude>
    <ClInclude Include="shader.hpp">
      <Filter>Source Files\src\material</Filter>
    </ClInclude>
    <ClInclude Include="GameScene.h">
      <Filter>Source Files\src\scenes</Filter>
    </ClInclude>
    <ClInclude Include="Scene.h">
      <Filter>Source Files\src\scenes</Filter>
    </ClInclude>
    <ClInclude Include="Water.h">
      <Filter>Header Files</Filter>
    </ClInclude>
    <ClInclude Include="GameSound.h">
      <Filter>Header Files</Filter>
    </ClInclude>
    <ClInclude Include="Camera3.h">
      <Filter>Source Files\src\camera</Filter>
    </ClInclude>
    <ClInclude Include="MainMenuScene.h">
      <Filter>Source Files\src\scenes</Filter>
    </ClInclude>
    <ClInclude Include="GameObjectFactory.h">
      <Filter>Source Files</Filter>
    </ClInclude>
    <ClInclude Include="Consumable.h">
      <Filter>Source Files</Filter>
    </ClInclude>
    <ClInclude Include="PartConsumable.h">
      <Filter>Source Files\src\gameobjects</Filter>
    </ClInclude>
    <ClInclude Include="SpeedConsumable.h">
      <Filter>Source Files\src\gameobjects</Filter>
    </ClInclude>
    <ClInclude Include="HealthConsumable.h">
      <Filter>Source Files\src\gameobjects</Filter>
    </ClInclude>
    <ClInclude Include="GameObject.h">
      <Filter>Source Files\src\gameobjects</Filter>
    </ClInclude>
    <ClInclude Include="IslandEnvironment.h">
      <Filter>Source Files\src\gameobjects</Filter>
    </ClInclude>
    <ClInclude Include="CShipStats.h">
      <Filter>Source Files\src\gameobjects</Filter>
    </ClInclude>
    <ClInclude Include="BuildScene.h">
      <Filter>Source Files\src</Filter>
    </ClInclude>
    <ClInclude Include="ReadMesh.h">
      <Filter>Header Files</Filter>
    </ClInclude>
    <ClInclude Include="Collision.h">
      <Filter>Header Files</Filter>
    </ClInclude>
    <ClInclude Include="Transform.h">
      <Filter>Header Files</Filter>
    </ClInclude>
    <ClInclude Include="cannonball.h">
      <Filter>Source Files\src\gameobjects</Filter>
    </ClInclude>
    <ClInclude Include="CamMenu.h">
      <Filter>Source Files\src\camera</Filter>
    </ClInclude>
    <ClInclude Include="Physic.h">
      <Filter>Header Files</Filter>
    </ClInclude>
    <ClInclude Include="UIObject.h">
      <Filter>Header Files</Filter>
    </ClInclude>
    <ClInclude Include="MenuFunctionality.h">
      <Filter>Header Files</Filter>
    </ClInclude>
  </ItemGroup>
</Project>